
Microsoft Visual Studio Solution File, Format Version 12.00
# Visual Studio Version 17
VisualStudioVersion = 17.8.34511.84
MinimumVisualStudioVersion = 10.0.40219.1
Project("{8BC9CEB8-8B4A-11D0-8D11-00A0C91BC942}") = "DirCompareTest", "DirCompareTest\DirCompareTest.vcxproj", "{1F380E58-2D1B-43A3-AE08-F7B88AB27F7E}"
EndProject
Global
	GlobalSection(SolutionConfigurationPlatforms) = preSolution
		Debug|x64 = Debug|x64
		Debug|x86 = Debug|x86
		Release|x64 = Release|x64
		Release|x86 = Release|x86
	EndGlobalSection
	GlobalSection(ProjectConfigurationPlatforms) = postSolution
		{1F380E58-2D1B-43A3-AE08-F7B88AB27F7E}.Debug|x64.ActiveCfg = Debug|x64
		{1F380E58-2D1B-43A3-AE08-F7B88AB27F7E}.Debug|x64.Build.0 = Debug|x64
		{1F380E58-2D1B-43A3-AE08-F7B88AB27F7E}.Debug|x86.ActiveCfg = Debug|Win32
		{1F380E58-2D1B-43A3-AE08-F7B88AB27F7E}.Debug|x86.Build.0 = Debug|Win32
		{1F380E58-2D1B-43A3-AE08-F7B88AB27F7E}.Release|x64.ActiveCfg = Release|x64
		{1F380E58-2D1B-43A3-AE08-F7B88AB27F7E}.Release|x64.Build.0 = Release|x64
		{1F380E58-2D1B-43A3-AE08-F7B88AB27F7E}.Release|x86.ActiveCfg = Release|Win32
		{1F380E58-2D1B-43A3-AE08-F7B88AB27F7E}.Release|x86.Build.0 = Release|Win32
	EndGlobalSection
	GlobalSection(SolutionProperties) = preSolution
		HideSolutionNode = FALSE
	EndGlobalSection
	GlobalSection(ExtensibilityGlobals) = postSolution
		SolutionGuid = {E5C6A432-9A41-4544-8060-D402CCA7272D}
	EndGlobalSection
EndGlobal
